// !$*UTF8*$!
{
	archiveVersion = 1;
	classes = {
	};
	objectVersion = 55;
	objects = {

/* Begin PBXBuildFile section */
		271D7CB127C1CE46008D10F0 /* AppDelegate.swift in Sources */ = {isa = PBXBuildFile; fileRef = 271D7CB027C1CE46008D10F0 /* AppDelegate.swift */; };
		271D7CB327C1CE46008D10F0 /* SceneDelegate.swift in Sources */ = {isa = PBXBuildFile; fileRef = 271D7CB227C1CE46008D10F0 /* SceneDelegate.swift */; };
		271D7CB527C1CE46008D10F0 /* ViewController.swift in Sources */ = {isa = PBXBuildFile; fileRef = 271D7CB427C1CE46008D10F0 /* ViewController.swift */; };
		271D7CB827C1CE46008D10F0 /* Main.storyboard in Resources */ = {isa = PBXBuildFile; fileRef = 271D7CB627C1CE46008D10F0 /* Main.storyboard */; };
		271D7CBA27C1CE48008D10F0 /* Assets.xcassets in Resources */ = {isa = PBXBuildFile; fileRef = 271D7CB927C1CE48008D10F0 /* Assets.xcassets */; };
		271D7CBD27C1CE48008D10F0 /* LaunchScreen.storyboard in Resources */ = {isa = PBXBuildFile; fileRef = 271D7CBB27C1CE48008D10F0 /* LaunchScreen.storyboard */; };
		271D7CC827C1CE48008D10F0 /* MyFirstAPpTests.swift in Sources */ = {isa = PBXBuildFile; fileRef = 271D7CC727C1CE48008D10F0 /* MyFirstAPpTests.swift */; };
		271D7CD227C1CE48008D10F0 /* MyFirstAPpUITests.swift in Sources */ = {isa = PBXBuildFile; fileRef = 271D7CD127C1CE48008D10F0 /* MyFirstAPpUITests.swift */; };
		271D7CD427C1CE48008D10F0 /* MyFirstAPpUITestsLaunchTests.swift in Sources */ = {isa = PBXBuildFile; fileRef = 271D7CD327C1CE48008D10F0 /* MyFirstAPpUITestsLaunchTests.swift */; };
/* End PBXBuildFile section */

/* Begin PBXContainerItemProxy section */
		271D7CC427C1CE48008D10F0 /* PBXContainerItemProxy */ = {
			isa = PBXContainerItemProxy;
			containerPortal = 271D7CA527C1CE46008D10F0 /* Project object */;
			proxyType = 1;
			remoteGlobalIDString = 271D7CAC27C1CE46008D10F0;
			remoteInfo = MyFirstAPp;
		};
		271D7CCE27C1CE48008D10F0 /* PBXContainerItemProxy */ = {
			isa = PBXContainerItemProxy;
			containerPortal = 271D7CA527C1CE46008D10F0 /* Project object */;
			proxyType = 1;
			remoteGlobalIDString = 271D7CAC27C1CE46008D10F0;
			remoteInfo = MyFirstAPp;
		};
/* End PBXContainerItemProxy section */

/* Begin PBXFileReference section */
		271D7CAD27C1CE46008D10F0 /* MyFirstAPp.app */ = {isa = PBXFileReference; explicitFileType = wrapper.application; includeInIndex = 0; path = MyFirstAPp.app; sourceTree = BUILT_PRODUCTS_DIR; };
		271D7CB027C1CE46008D10F0 /* AppDelegate.swift */ = {isa = PBXFileReference; lastKnownFileType = sourcecode.swift; path = AppDelegate.swift; sourceTree = "<group>"; };
		271D7CB227C1CE46008D10F0 /* SceneDelegate.swift */ = {isa = PBXFileReference; lastKnownFileType = sourcecode.swift; path = SceneDelegate.swift; sourceTree = "<group>"; };
		271D7CB427C1CE46008D10F0 /* ViewController.swift */ = {isa = PBXFileReference; lastKnownFileType = sourcecode.swift; path = ViewController.swift; sourceTree = "<group>"; };
		271D7CB727C1CE46008D10F0 /* Base */ = {isa = PBXFileReference; lastKnownFileType = file.storyboard; name = Base; path = Base.lproj/Main.storyboard; sourceTree = "<group>"; };
		271D7CB927C1CE48008D10F0 /* Assets.xcassets */ = {isa = PBXFileReference; lastKnownFileType = folder.assetcatalog; path = Assets.xcassets; sourceTree = "<group>"; };
		271D7CBC27C1CE48008D10F0 /* Base */ = {isa = PBXFileReference; lastKnownFileType = file.storyboard; name = Base; path = Base.lproj/LaunchScreen.storyboard; sourceTree = "<group>"; };
		271D7CBE27C1CE48008D10F0 /* Info.plist */ = {isa = PBXFileReference; lastKnownFileType = text.plist.xml; path = Info.plist; sourceTree = "<group>"; };
		271D7CC327C1CE48008D10F0 /* MyFirstAPpTests.xctest */ = {isa = PBXFileReference; explicitFileType = wrapper.cfbundle; includeInIndex = 0; path = MyFirstAPpTests.xctest; sourceTree = BUILT_PRODUCTS_DIR; };
		271D7CC727C1CE48008D10F0 /* MyFirstAPpTests.swift */ = {isa = PBXFileReference; lastKnownFileType = sourcecode.swift; path = MyFirstAPpTests.swift; sourceTree = "<group>"; };
		271D7CCD27C1CE48008D10F0 /* MyFirstAPpUITests.xctest */ = {isa = PBXFileReference; explicitFileType = wrapper.cfbundle; includeInIndex = 0; path = MyFirstAPpUITests.xctest; sourceTree = BUILT_PRODUCTS_DIR; };
		271D7CD127C1CE48008D10F0 /* MyFirstAPpUITests.swift */ = {isa = PBXFileReference; lastKnownFileType = sourcecode.swift; path = MyFirstAPpUITests.swift; sourceTree = "<group>"; };
		271D7CD327C1CE48008D10F0 /* MyFirstAPpUITestsLaunchTests.swift */ = {isa = PBXFileReference; lastKnownFileType = sourcecode.swift; path = MyFirstAPpUITestsLaunchTests.swift; sourceTree = "<group>"; };
/* End PBXFileReference section */

/* Begin PBXFrameworksBuildPhase section */
		271D7CAA27C1CE46008D10F0 /* Frameworks */ = {
			isa = PBXFrameworksBuildPhase;
			buildActionMask = 2147483647;
			files = (
			);
			runOnlyForDeploymentPostprocessing = 0;
		};
		271D7CC027C1CE48008D10F0 /* Frameworks */ = {
			isa = PBXFrameworksBuildPhase;
			buildActionMask = 2147483647;
			files = (
			);
			runOnlyForDeploymentPostprocessing = 0;
		};
		271D7CCA27C1CE48008D10F0 /* Frameworks */ = {
			isa = PBXFrameworksBuildPhase;
			buildActionMask = 2147483647;
			files = (
			);
			runOnlyForDeploymentPostprocessing = 0;
		};
/* End PBXFrameworksBuildPhase section */

/* Begin PBXGroup section */
		271D7CA427C1CE46008D10F0 = {
			isa = PBXGroup;
			children = (
				271D7CAF27C1CE46008D10F0 /* MyFirstAPp */,
				271D7CC627C1CE48008D10F0 /* MyFirstAPpTests */,
				271D7CD027C1CE48008D10F0 /* MyFirstAPpUITests */,
				271D7CAE27C1CE46008D10F0 /* Products */,
			);
			sourceTree = "<group>";
		};
		271D7CAE27C1CE46008D10F0 /* Products */ = {
			isa = PBXGroup;
			children = (
				271D7CAD27C1CE46008D10F0 /* MyFirstAPp.app */,
				271D7CC327C1CE48008D10F0 /* MyFirstAPpTests.xctest */,
				271D7CCD27C1CE48008D10F0 /* MyFirstAPpUITests.xctest */,
			);
			name = Products;
			sourceTree = "<group>";
		};
		271D7CAF27C1CE46008D10F0 /* MyFirstAPp */ = {
			isa = PBXGroup;
			children = (
				271D7CB027C1CE46008D10F0 /* AppDelegate.swift */,
				271D7CB227C1CE46008D10F0 /* SceneDelegate.swift */,
				271D7CB427C1CE46008D10F0 /* ViewController.swift */,
				271D7CB627C1CE46008D10F0 /* Main.storyboard */,
				271D7CB927C1CE48008D10F0 /* Assets.xcassets */,
				271D7CBB27C1CE48008D10F0 /* LaunchScreen.storyboard */,
				271D7CBE27C1CE48008D10F0 /* Info.plist */,
			);
			path = MyFirstAPp;
			sourceTree = "<group>";
		};
		271D7CC627C1CE48008D10F0 /* MyFirstAPpTests */ = {
			isa = PBXGroup;
			children = (
				271D7CC727C1CE48008D10F0 /* MyFirstAPpTests.swift */,
			);
			path = MyFirstAPpTests;
			sourceTree = "<group>";
		};
		271D7CD027C1CE48008D10F0 /* MyFirstAPpUITests */ = {
			isa = PBXGroup;
			children = (
				271D7CD127C1CE48008D10F0 /* MyFirstAPpUITests.swift */,
				271D7CD327C1CE48008D10F0 /* MyFirstAPpUITestsLaunchTests.swift */,
			);
			path = MyFirstAPpUITests;
			sourceTree = "<group>";
		};
/* End PBXGroup section */

/* Begin PBXNativeTarget section */
		271D7CAC27C1CE46008D10F0 /* MyFirstAPp */ = {
			isa = PBXNativeTarget;
			buildConfigurationList = 271D7CD727C1CE48008D10F0 /* Build configuration list for PBXNativeTarget "MyFirstAPp" */;
			buildPhases = (
				271D7CA927C1CE46008D10F0 /* Sources */,
				271D7CAA27C1CE46008D10F0 /* Frameworks */,
				271D7CAB27C1CE46008D10F0 /* Resources */,
			);
			buildRules = (
			);
			dependencies = (
			);
			name = MyFirstAPp;
			productName = MyFirstAPp;
			productReference = 271D7CAD27C1CE46008D10F0 /* MyFirstAPp.app */;
			productType = "com.apple.product-type.application";
		};
		271D7CC227C1CE48008D10F0 /* MyFirstAPpTests */ = {
			isa = PBXNativeTarget;
			buildConfigurationList = 271D7CDA27C1CE48008D10F0 /* Build configuration list for PBXNativeTarget "MyFirstAPpTests" */;
			buildPhases = (
				271D7CBF27C1CE48008D10F0 /* Sources */,
				271D7CC027C1CE48008D10F0 /* Frameworks */,
				271D7CC127C1CE48008D10F0 /* Resources */,
			);
			buildRules = (
			);
			dependencies = (
				271D7CC527C1CE48008D10F0 /* PBXTargetDependency */,
			);
			name = MyFirstAPpTests;
			productName = MyFirstAPpTests;
			productReference = 271D7CC327C1CE48008D10F0 /* MyFirstAPpTests.xctest */;
			productType = "com.apple.product-type.bundle.unit-test";
		};
		271D7CCC27C1CE48008D10F0 /* MyFirstAPpUITests */ = {
			isa = PBXNativeTarget;
			buildConfigurationList = 271D7CDD27C1CE48008D10F0 /* Build configuration list for PBXNativeTarget "MyFirstAPpUITests" */;
			buildPhases = (
				271D7CC927C1CE48008D10F0 /* Sources */,
				271D7CCA27C1CE48008D10F0 /* Frameworks */,
				271D7CCB27C1CE48008D10F0 /* Resources */,
			);
			buildRules = (
			);
			dependencies = (
				271D7CCF27C1CE48008D10F0 /* PBXTargetDependency */,
			);
			name = MyFirstAPpUITests;
			productName = MyFirstAPpUITests;
			productReference = 271D7CCD27C1CE48008D10F0 /* MyFirstAPpUITests.xctest */;
			productType = "com.apple.product-type.bundle.ui-testing";
		};
/* End PBXNativeTarget section */

/* Begin PBXProject section */
		271D7CA527C1CE46008D10F0 /* Project object */ = {
			isa = PBXProject;
			attributes = {
				BuildIndependentTargetsInParallel = 1;
				LastSwiftUpdateCheck = 1320;
				LastUpgradeCheck = 1320;
				TargetAttributes = {
					271D7CAC27C1CE46008D10F0 = {
						CreatedOnToolsVersion = 13.2.1;
					};
					271D7CC227C1CE48008D10F0 = {
						CreatedOnToolsVersion = 13.2.1;
						TestTargetID = 271D7CAC27C1CE46008D10F0;
					};
					271D7CCC27C1CE48008D10F0 = {
						CreatedOnToolsVersion = 13.2.1;
						TestTargetID = 271D7CAC27C1CE46008D10F0;
					};
				};
			};
			buildConfigurationList = 271D7CA827C1CE46008D10F0 /* Build configuration list for PBXProject "MyFirstAPp" */;
			compatibilityVersion = "Xcode 13.0";
			developmentRegion = en;
			hasScannedForEncodings = 0;
			knownRegions = (
				en,
				Base,
			);
			mainGroup = 271D7CA427C1CE46008D10F0;
			productRefGroup = 271D7CAE27C1CE46008D10F0 /* Products */;
			projectDirPath = "";
			projectRoot = "";
			targets = (
				271D7CAC27C1CE46008D10F0 /* MyFirstAPp */,
				271D7CC227C1CE48008D10F0 /* MyFirstAPpTests */,
				271D7CCC27C1CE48008D10F0 /* MyFirstAPpUITests */,
			);
		};
/* End PBXProject section */

/* Begin PBXResourcesBuildPhase section */
		271D7CAB27C1CE46008D10F0 /* Resources */ = {
			isa = PBXResourcesBuildPhase;
			buildActionMask = 2147483647;
			files = (
				271D7CBD27C1CE48008D10F0 /* LaunchScreen.storyboard in Resources */,
				271D7CBA27C1CE48008D10F0 /* Assets.xcassets in Resources */,
				271D7CB827C1CE46008D10F0 /* Main.storyboard in Resources */,
			);
			runOnlyForDeploymentPostprocessing = 0;
		};
		271D7CC127C1CE48008D10F0 /* Resources */ = {
			isa = PBXResourcesBuildPhase;
			buildActionMask = 2147483647;
			files = (
			);
			runOnlyForDeploymentPostprocessing = 0;
		};
		271D7CCB27C1CE48008D10F0 /* Resources */ = {
			isa = PBXResourcesBuildPhase;
			buildActionMask = 2147483647;
			files = (
			);
			runOnlyForDeploymentPostprocessing = 0;
		};
/* End PBXResourcesBuildPhase section */

/* Begin PBXSourcesBuildPhase section */
		271D7CA927C1CE46008D10F0 /* Sources */ = {
			isa = PBXSourcesBuildPhase;
			buildActionMask = 2147483647;
			files = (
				271D7CB527C1CE46008D10F0 /* ViewController.swift in Sources */,
				271D7CB127C1CE46008D10F0 /* AppDelegate.swift in Sources */,
				271D7CB327C1CE46008D10F0 /* SceneDelegate.swift in Sources */,
			);
			runOnlyForDeploymentPostprocessing = 0;
		};
		271D7CBF27C1CE48008D10F0 /* Sources */ = {
			isa = PBXSourcesBuildPhase;
			buildActionMask = 2147483647;
			files = (
				271D7CC827C1CE48008D10F0 /* MyFirstAPpTests.swift in Sources */,
			);
			runOnlyForDeploymentPostprocessing = 0;
		};
		271D7CC927C1CE48008D10F0 /* Sources */ = {
			isa = PBXSourcesBuildPhase;
			buildActionMask = 2147483647;
			files = (
				271D7CD227C1CE48008D10F0 /* MyFirstAPpUITests.swift in Sources */,
				271D7CD427C1CE48008D10F0 /* MyFirstAPpUITestsLaunchTests.swift in Sources */,
			);
			runOnlyForDeploymentPostprocessing = 0;
		};
/* End PBXSourcesBuildPhase section */

/* Begin PBXTargetDependency section */
		271D7CC527C1CE48008D10F0 /* PBXTargetDependency */ = {
			isa = PBXTargetDependency;
			target = 271D7CAC27C1CE46008D10F0 /* MyFirstAPp */;
			targetProxy = 271D7CC427C1CE48008D10F0 /* PBXContainerItemProxy */;
		};
		271D7CCF27C1CE48008D10F0 /* PBXTargetDependency */ = {
			isa = PBXTargetDependency;
			target = 271D7CAC27C1CE46008D10F0 /* MyFirstAPp */;
			targetProxy = 271D7CCE27C1CE48008D10F0 /* PBXContainerItemProxy */;
		};
/* End PBXTargetDependency section */

/* Begin PBXVariantGroup section */
		271D7CB627C1CE46008D10F0 /* Main.storyboard */ = {
			isa = PBXVariantGroup;
			children = (
				271D7CB727C1CE46008D10F0 /* Base */,
			);
			name = Main.storyboard;
			sourceTree = "<group>";
		};
		271D7CBB27C1CE48008D10F0 /* LaunchScreen.storyboard */ = {
			isa = PBXVariantGroup;
			children = (
				271D7CBC27C1CE48008D10F0 /* Base */,
			);
			name = LaunchScreen.storyboard;
			sourceTree = "<group>";
		};
/* End PBXVariantGroup section */

/* Begin XCBuildConfiguration section */
		271D7CD527C1CE48008D10F0 /* Debug */ = {
			isa = XCBuildConfiguration;
			buildSettings = {
				ALWAYS_SEARCH_USER_PATHS = NO;
				CLANG_ANALYZER_NONNULL = YES;
				CLANG_ANALYZER_NUMBER_OBJECT_CONVERSION = YES_AGGRESSIVE;
				CLANG_CXX_LANGUAGE_STANDARD = "gnu++17";
				CLANG_CXX_LIBRARY = "libc++";
				CLANG_ENABLE_MODULES = YES;
				CLANG_ENABLE_OBJC_ARC = YES;
				CLANG_ENABLE_OBJC_WEAK = YES;
				CLANG_WARN_BLOCK_CAPTURE_AUTORELEASING = YES;
				CLANG_WARN_BOOL_CONVERSION = YES;
				CLANG_WARN_COMMA = YES;
				CLANG_WARN_CONSTANT_CONVERSION = YES;
				CLANG_WARN_DEPRECATED_OBJC_IMPLEMENTATIONS = YES;
				CLANG_WARN_DIRECT_OBJC_ISA_USAGE = YES_ERROR;
				CLANG_WARN_DOCUMENTATION_COMMENTS = YES;
				CLANG_WARN_EMPTY_BODY = YES;
				CLANG_WARN_ENUM_CONVERSION = YES;
				CLANG_WARN_INFINITE_RECURSION = YES;
				CLANG_WARN_INT_CONVERSION = YES;
				CLANG_WARN_NON_LITERAL_NULL_CONVERSION = YES;
				CLANG_WARN_OBJC_IMPLICIT_RETAIN_SELF = YES;
				CLANG_WARN_OBJC_LITERAL_CONVERSION = YES;
				CLANG_WARN_OBJC_ROOT_CLASS = YES_ERROR;
				CLANG_WARN_QUOTED_INCLUDE_IN_FRAMEWORK_HEADER = YES;
				CLANG_WARN_RANGE_LOOP_ANALYSIS = YES;
				CLANG_WARN_STRICT_PROTOTYPES = YES;
				CLANG_WARN_SUSPICIOUS_MOVE = YES;
				CLANG_WARN_UNGUARDED_AVAILABILITY = YES_AGGRESSIVE;
				CLANG_WARN_UNREACHABLE_CODE = YES;
				CLANG_WARN__DUPLICATE_METHOD_MATCH = YES;
				COPY_PHASE_STRIP = NO;
				DEBUG_INFORMATION_FORMAT = dwarf;
				ENABLE_STRICT_OBJC_MSGSEND = YES;
				ENABLE_TESTABILITY = YES;
				GCC_C_LANGUAGE_STANDARD = gnu11;
				GCC_DYNAMIC_NO_PIC = NO;
				GCC_NO_COMMON_BLOCKS = YES;
				GCC_OPTIMIZATION_LEVEL = 0;
				GCC_PREPROCESSOR_DEFINITIONS = (
					"DEBUG=1",
					"$(inherited)",
				);
				GCC_WARN_64_TO_32_BIT_CONVERSION = YES;
				GCC_WARN_ABOUT_RETURN_TYPE = YES_ERROR;
				GCC_WARN_UNDECLARED_SELECTOR = YES;
				GCC_WARN_UNINITIALIZED_AUTOS = YES_AGGRESSIVE;
				GCC_WARN_UNUSED_FUNCTION = YES;
				GCC_WARN_UNUSED_VARIABLE = YES;
				IPHONEOS_DEPLOYMENT_TARGET = 15.2;
				MTL_ENABLE_DEBUG_INFO = INCLUDE_SOURCE;
				MTL_FAST_MATH = YES;
				ONLY_ACTIVE_ARCH = YES;
				SDKROOT = iphoneos;
				SWIFT_ACTIVE_COMPILATION_CONDITIONS = DEBUG;
				SWIFT_OPTIMIZATION_LEVEL = "-Onone";
			};
			name = Debug;
		};
		271D7CD627C1CE48008D10F0 /* Release */ = {
			isa = XCBuildConfiguration;
			buildSettings = {
				ALWAYS_SEARCH_USER_PATHS = NO;
				CLANG_ANALYZER_NONNULL = YES;
				CLANG_ANALYZER_NUMBER_OBJECT_CONVERSION = YES_AGGRESSIVE;
				CLANG_CXX_LANGUAGE_STANDARD = "gnu++17";
				CLANG_CXX_LIBRARY = "libc++";
				CLANG_ENABLE_MODULES = YES;
				CLANG_ENABLE_OBJC_ARC = YES;
				CLANG_ENABLE_OBJC_WEAK = YES;
				CLANG_WARN_BLOCK_CAPTURE_AUTORELEASING = YES;
				CLANG_WARN_BOOL_CONVERSION = YES;
				CLANG_WARN_COMMA = YES;
				CLANG_WARN_CONSTANT_CONVERSION = YES;
				CLANG_WARN_DEPRECATED_OBJC_IMPLEMENTATIONS = YES;
				CLANG_WARN_DIRECT_OBJC_ISA_USAGE = YES_ERROR;
				CLANG_WARN_DOCUMENTATION_COMMENTS = YES;
				CLANG_WARN_EMPTY_BODY = YES;
				CLANG_WARN_ENUM_CONVERSION = YES;
				CLANG_WARN_INFINITE_RECURSION = YES;
				CLANG_WARN_INT_CONVERSION = YES;
				CLANG_WARN_NON_LITERAL_NULL_CONVERSION = YES;
				CLANG_WARN_OBJC_IMPLICIT_RETAIN_SELF = YES;
				CLANG_WARN_OBJC_LITERAL_CONVERSION = YES;
				CLANG_WARN_OBJC_ROOT_CLASS = YES_ERROR;
				CLANG_WARN_QUOTED_INCLUDE_IN_FRAMEWORK_HEADER = YES;
				CLANG_WARN_RANGE_LOOP_ANALYSIS = YES;
				CLANG_WARN_STRICT_PROTOTYPES = YES;
				CLANG_WARN_SUSPICIOUS_MOVE = YES;
				CLANG_WARN_UNGUARDED_AVAILABILITY = YES_AGGRESSIVE;
				CLANG_WARN_UNREACHABLE_CODE = YES;
				CLANG_WARN__DUPLICATE_METHOD_MATCH = YES;
				COPY_PHASE_STRIP = NO;
				DEBUG_INFORMATION_FORMAT = "dwarf-with-dsym";
				ENABLE_NS_ASSERTIONS = NO;
				ENABLE_STRICT_OBJC_MSGSEND = YES;
				GCC_C_LANGUAGE_STANDARD = gnu11;
				GCC_NO_COMMON_BLOCKS = YES;
				GCC_WARN_64_TO_32_BIT_CONVERSION = YES;
				GCC_WARN_ABOUT_RETURN_TYPE = YES_ERROR;
				GCC_WARN_UNDECLARED_SELECTOR = YES;
				GCC_WARN_UNINITIALIZED_AUTOS = YES_AGGRESSIVE;
				GCC_WARN_UNUSED_FUNCTION = YES;
				GCC_WARN_UNUSED_VARIABLE = YES;
				IPHONEOS_DEPLOYMENT_TARGET = 15.2;
				MTL_ENABLE_DEBUG_INFO = NO;
				MTL_FAST_MATH = YES;
				SDKROOT = iphoneos;
				SWIFT_COMPILATION_MODE = wholemodule;
				SWIFT_OPTIMIZATION_LEVEL = "-O";
				VALIDATE_PRODUCT = YES;
			};
			name = Release;
		};
		271D7CD827C1CE48008D10F0 /* Debug */ = {
			isa = XCBuildConfiguration;
			buildSettings = {
				ASSETCATALOG_COMPILER_APPICON_NAME = AppIcon;
				ASSETCATALOG_COMPILER_GLOBAL_ACCENT_COLOR_NAME = AccentColor;
				CODE_SIGN_STYLE = Automatic;
				CURRENT_PROJECT_VERSION = 1;
				DEVELOPMENT_TEAM = G3USWXHYW5;
				GENERATE_INFOPLIST_FILE = YES;
				INFOPLIST_FILE = MyFirstAPp/Info.plist;
				INFOPLIST_KEY_UIApplicationSupportsIndirectInputEvents = YES;
				INFOPLIST_KEY_UILaunchStoryboardName = LaunchScreen;
				INFOPLIST_KEY_UIMainStoryboardFile = Main;
				INFOPLIST_KEY_UISupportedInterfaceOrientations_iPad = "UIInterfaceOrientationPortrait UIInterfaceOrientationPortraitUpsideDown UIInterfaceOrientationLandscapeLeft UIInterfaceOrientationLandscapeRight";
				INFOPLIST_KEY_UISupportedInterfaceOrientations_iPhone = "UIInterfaceOrientationPortrait UIInterfaceOrientationLandscapeLeft UIInterfaceOrientationLandscapeRight";
				LD_RUNPATH_SEARCH_PATHS = (
					"$(inherited)",
					"@executable_path/Frameworks",
				);
				MARKETING_VERSION = 1.0;
				PRODUCT_BUNDLE_IDENTIFIER = gigslvdr.MyFirstAPp;
				PRODUCT_NAME = "$(TARGET_NAME)";
				SWIFT_EMIT_LOC_STRINGS = YES;
				SWIFT_VERSION = 5.0;
				TARGETED_DEVICE_FAMILY = "1,2";
			};
			name = Debug;
		};
		271D7CD927C1CE48008D10F0 /* Release */ = {
			isa = XCBuildConfiguration;
			buildSettings = {
				ASSETCATALOG_COMPILER_APPICON_NAME = AppIcon;
				ASSETCATALOG_COMPILER_GLOBAL_ACCENT_COLOR_NAME = AccentColor;
				CODE_SIGN_STYLE = Automatic;
				CURRENT_PROJECT_VERSION = 1;
				DEVELOPMENT_TEAM = G3USWXHYW5;
				GENERATE_INFOPLIST_FILE = YES;
				INFOPLIST_FILE = MyFirstAPp/Info.plist;
				INFOPLIST_KEY_UIApplicationSupportsIndirectInputEvents = YES;
				INFOPLIST_KEY_UILaunchStoryboardName = LaunchScreen;
				INFOPLIST_KEY_UIMainStoryboardFile = Main;
				INFOPLIST_KEY_UISupportedInterfaceOrientations_iPad = "UIInterfaceOrientationPortrait UIInterfaceOrientationPortraitUpsideDown UIInterfaceOrientationLandscapeLeft UIInterfaceOrientationLandscapeRight";
				INFOPLIST_KEY_UISupportedInterfaceOrientations_iPhone = "UIInterfaceOrientationPortrait UIInterfaceOrientationLandscapeLeft UIInterfaceOrientationLandscapeRight";
				LD_RUNPATH_SEARCH_PATHS = (
					"$(inherited)",
					"@executable_path/Frameworks",
				);
				MARKETING_VERSION = 1.0;
				PRODUCT_BUNDLE_IDENTIFIER = gigslvdr.MyFirstAPp;
				PRODUCT_NAME = "$(TARGET_NAME)";
				SWIFT_EMIT_LOC_STRINGS = YES;
				SWIFT_VERSION = 5.0;
				TARGETED_DEVICE_FAMILY = "1,2";
			};
			name = Release;
		};
		271D7CDB27C1CE48008D10F0 /* Debug */ = {
			isa = XCBuildConfiguration;
			buildSettings = {
				ALWAYS_EMBED_SWIFT_STANDARD_LIBRARIES = YES;
				BUNDLE_LOADER = "$(TEST_HOST)";
				CODE_SIGN_STYLE = Automatic;
				CURRENT_PROJECT_VERSION = 1;
				DEVELOPMENT_TEAM = G3USWXHYW5;
				GENERATE_INFOPLIST_FILE = YES;
				IPHONEOS_DEPLOYMENT_TARGET = 15.2;
				MARKETING_VERSION = 1.0;
				PRODUCT_BUNDLE_IDENTIFIER = gigslvdr.MyFirstAPpTests;
				PRODUCT_NAME = "$(TARGET_NAME)";
				SWIFT_EMIT_LOC_STRINGS = NO;
				SWIFT_VERSION = 5.0;
				TARGETED_DEVICE_FAMILY = "1,2";
				TEST_HOST = "$(BUILT_PRODUCTS_DIR)/MyFirstAPp.app/MyFirstAPp";
			};
			name = Debug;
		};
		271D7CDC27C1CE48008D10F0 /* Release */ = {
			isa = XCBuildConfiguration;
			buildSettings = {
				ALWAYS_EMBED_SWIFT_STANDARD_LIBRARIES = YES;
				BUNDLE_LOADER = "$(TEST_HOST)";
				CODE_SIGN_STYLE = Automatic;
				CURRENT_PROJECT_VERSION = 1;
				DEVELOPMENT_TEAM = G3USWXHYW5;
				GENERATE_INFOPLIST_FILE = YES;
				IPHONEOS_DEPLOYMENT_TARGET = 15.2;
				MARKETING_VERSION = 1.0;
				PRODUCT_BUNDLE_IDENTIFIER = gigslvdr.MyFirstAPpTests;
				PRODUCT_NAME = "$(TARGET_NAME)";
				SWIFT_EMIT_LOC_STRINGS = NO;
				SWIFT_VERSION = 5.0;
				TARGETED_DEVICE_FAMILY = "1,2";
				TEST_HOST = "$(BUILT_PRODUCTS_DIR)/MyFirstAPp.app/MyFirstAPp";
			};
			name = Release;
		};
		271D7CDE27C1CE48008D10F0 /* Debug */ = {
			isa = XCBuildConfiguration;
			buildSettings = {
				ALWAYS_EMBED_SWIFT_STANDARD_LIBRARIES = YES;
				CODE_SIGN_STYLE = Automatic;
				CURRENT_PROJECT_VERSION = 1;
				DEVELOPMENT_TEAM = G3USWXHYW5;
				GENERATE_INFOPLIST_FILE = YES;
				MARKETING_VERSION = 1.0;
				PRODUCT_BUNDLE_IDENTIFIER = gigslvdr.MyFirstAPpUITests;
				PRODUCT_NAME = "$(TARGET_NAME)";
				SWIFT_EMIT_LOC_STRINGS = NO;
				SWIFT_VERSION = 5.0;
				TARGETED_DEVICE_FAMILY = "1,2";
				TEST_TARGET_NAME = MyFirstAPp;
			};
			name = Debug;
		};
		271D7CDF27C1CE48008D10F0 /* Release */ = {
			isa = XCBuildConfiguration;
			buildSettings = {
				ALWAYS_EMBED_SWIFT_STANDARD_LIBRARIES = YES;
				CODE_SIGN_STYLE = Automatic;
				CURRENT_PROJECT_VERSION = 1;
				DEVELOPMENT_TEAM = G3USWXHYW5;
				GENERATE_INFOPLIST_FILE = YES;
				MARKETING_VERSION = 1.0;
				PRODUCT_BUNDLE_IDENTIFIER = gigslvdr.MyFirstAPpUITests;
				PRODUCT_NAME = "$(TARGET_NAME)";
				SWIFT_EMIT_LOC_STRINGS = NO;
				SWIFT_VERSION = 5.0;
				TARGETED_DEVICE_FAMILY = "1,2";
				TEST_TARGET_NAME = MyFirstAPp;
			};
			name = Release;
		};
/* End XCBuildConfiguration section */

/* Begin XCConfigurationList section */
		271D7CA827C1CE46008D10F0 /* Build configuration list for PBXProject "MyFirstAPp" */ = {
			isa = XCConfigurationList;
			buildConfigurations = (
				271D7CD527C1CE48008D10F0 /* Debug */,
				271D7CD627C1CE48008D10F0 /* Release */,
			);
			defaultConfigurationIsVisible = 0;
			defaultConfigurationName = Release;
		};
		271D7CD727C1CE48008D10F0 /* Build configuration list for PBXNativeTarget "MyFirstAPp" */ = {
			isa = XCConfigurationList;
			buildConfigurations = (
				271D7CD827C1CE48008D10F0 /* Debug */,
				271D7CD927C1CE48008D10F0 /* Release */,
			);
			defaultConfigurationIsVisible = 0;
			defaultConfigurationName = Release;
		};
		271D7CDA27C1CE48008D10F0 /* Build configuration list for PBXNativeTarget "MyFirstAPpTests" */ = {
			isa = XCConfigurationList;
			buildConfigurations = (
				271D7CDB27C1CE48008D10F0 /* Debug */,
				271D7CDC27C1CE48008D10F0 /* Release */,
			);
			defaultConfigurationIsVisible = 0;
			defaultConfigurationName = Release;
		};
		271D7CDD27C1CE48008D10F0 /* Build configuration list for PBXNativeTarget "MyFirstAPpUITests" */ = {
			isa = XCConfigurationList;
			buildConfigurations = (
				271D7CDE27C1CE48008D10F0 /* Debug */,
				271D7CDF27C1CE48008D10F0 /* Release */,
			);
			defaultConfigurationIsVisible = 0;
			defaultConfigurationName = Release;
		};
/* End XCConfigurationList section */
	};
	rootObject = 271D7CA527C1CE46008D10F0 /* Project object */;
}
